# THIS IS AN AUTOGENERATED FILE. DO NOT EDIT THIS FILE DIRECTLY.
# yarn lockfile v1


fasy@^7.0.1:
  version "7.0.1"
  resolved "https://registry.yarnpkg.com/fasy/-/fasy-7.0.1.tgz#aae4499a838cf4deee5959e1d73342415091b95d"
  integrity sha512-sFL4XuiCszHTQ/g4EbPiICH0KdxP8zd6N2h4weU4fPUzOErtn5i1wkQLZu2oLqIBkAdvroWpch47/fgtDTffJg==
